{"1.2.0",
[{<<"certifi">>,{pkg,<<"certifi">>,<<"2.15.0">>},1},
 {<<"cowlib">>,{pkg,<<"cowlib">>,<<"2.15.0">>},2},
 {<<"gun">>,{pkg,<<"gun">>,<<"2.2.0">>},1},
 {<<"hackney">>,{pkg,<<"hackney">>,<<"3.0.1">>},0},
 {<<"idna">>,{pkg,<<"idna">>,<<"7.1.0">>},1},
 {<<"jsx">>,{pkg,<<"jsx">>,<<"3.1.0">>},1},
 {<<"mimerl">>,{pkg,<<"mimerl">>,<<"1.4.0">>},1},
 {<<"parse_trans">>,{pkg,<<"parse_trans">>,<<"3.4.1">>},1},
 {<<"pe4kin">>,{pkg,<<"pe4kin">>,<<"0.2.5">>},0},
 {<<"ssl_verify_fun">>,{pkg,<<"ssl_verify_fun">>,<<"1.1.7">>},1},
 {<<"unicode_util_compat">>,{pkg,<<"unicode_util_compat">>,<<"0.7.1">>},1}]}.
[
{pkg_hash,[
 {<<"certifi">>, <<"0E6E882FCDAAA0A5A9F2B3DB55B1394DBA07E8D6D9BCAD08318FB604C6839712">>},
 {<<"cowlib">>, <<"3C97A318A933962D1C12B96AB7C1D728267D2C523C25A5B57B0F93392B6E9E25">>},
 {<<"gun">>, <<"B8F6B7D417E277D4C2B0DC3C07DFDF892447B087F1CC1CAFF9C0F556B884E33D">>},
 {<<"hackney">>, <<"ADFD227BF9CCF4BC40DB641A11A4573970D90C80596E27D1DC7A71F4F1CF7E38">>},
 {<<"idna">>, <<"1067A13043538129602D2F2CE6899D8713125C7D19734AA557CE2E3EA55BD4F1">>},
 {<<"jsx">>, <<"D12516BAA0BB23A59BB35DCCAF02A1BD08243FCBB9EFE24F2D9D056CCFF71268">>},
 {<<"mimerl">>, <<"3882A5CA67FBBE7117BA8947F27643557ADEC38FA2307490C4C4207624CB213B">>},
 {<<"parse_trans">>, <<"6E6AA8167CB44CC8F39441D05193BE6E6F4E7C2946CB2759F015F8C56B76E5FF">>},
 {<<"pe4kin">>, <<"D97BF3B2F33A8C3BAC487B38303F4C219113706AFB636F4EF5BFAB883A59AD18">>},
 {<<"ssl_verify_fun">>, <<"354C321CF377240C7B8716899E182CE4890C5938111A1296ADD3EC74CF1715DF">>},
 {<<"unicode_util_compat">>, <<"A48703A25C170EEDADCA83B11E88985AF08D35F37C6F664D6DCFB106A97782FC">>}]},
{pkg_hash_ext,[
 {<<"certifi">>, <<"B147ED22CE71D72EAFDAD94F055165C1C182F61A2FF49DF28BCC71D1D5B94A60">>},
 {<<"cowlib">>, <<"4F00C879A64B4FE7C8FCB42A4281925E9FFDB928820B03C3AD325A617E857532">>},
 {<<"gun">>, <<"76022700C64287FEB4DF93A1795CFF6741B83FB37415C40C34C38D2A4645261A">>},
 {<<"hackney">>, <<"505D3628FABA463EE9A2524AA7F53F558372F05C66614337242F3CD04FEC7E93">>},
 {<<"idna">>, <<"6AE959A025BF36DF61A8CAB8508D9654891B5426A84C44D82DEAFFD6DDF8C71F">>},
 {<<"jsx">>, <<"0C5CC8FDC11B53CC25CF65AC6705AD39E54ECC56D1C22E4ADB8F5A53FB9427F3">>},
 {<<"mimerl">>, <<"13AF15F9F68C65884ECCA3A3891D50A7B57D82152792F3E19D88650AA126B144">>},
 {<<"parse_trans">>, <<"620A406CE75DADA827B82E453C19CF06776BE266F5A67CFF34E1EF2CBB60E49A">>},
 {<<"pe4kin">>, <<"97FF911F8362BB9C0D036553CB05727E7567E8311563A2AACC320A39687F2691">>},
 {<<"ssl_verify_fun">>, <<"FE4C190E8F37401D30167C8C405EDA19469F34577987C76DDE613E838BBC67F8">>},
 {<<"unicode_util_compat">>, <<"B3A917854CE3AE233619744AD1E0102E05673136776FB2FA76234F3E03B23642">>}]}
].
